PODS:
  - Alamofire (5.4.0)
  - KakaoSDKCommon (2.0.4):
    - Alamofire (~> 5.1)
  - KakaoSDKLink (2.0.4):
    - KakaoSDKCommon (= 2.0.4)
    - KakaoSDKTemplate (= 2.0.4)
  - KakaoSDKTemplate (2.0.4):
    - KakaoSDKCommon (= 2.0.4)
  - Kingfisher (5.15.7):
    - Kingfisher/Core (= 5.15.7)
  - Kingfisher/Core (5.15.7)
  - lottie-ios (3.1.9)
  - SwiftyJSON (4.3.0)

DEPENDENCIES:
  - Alamofire (~> 5.1)
  - KakaoSDKCommon
  - KakaoSDKLink
  - KakaoSDKTemplate
  - Kingfisher (~> 5.0)
  - lottie-ios
  - SwiftyJSON (~> 4.0)

SPEC REPOS:
  trunk:
    - Alamofire
    - KakaoSDKCommon
    - KakaoSDKLink
    - KakaoSDKTemplate
    - Kingfisher
    - lottie-ios
    - SwiftyJSON

SPEC CHECKSUMS:
  Alamofire: 3b6a534a3df22db367e4dedeeca73d1ddfcf0e2f
  KakaoSDKCommon: 070472d0638ea6b28684a23c195e47015349e51b
  KakaoSDKLink: a90a919c4b00dc85bbf21d91842961c105317317
  KakaoSDKTemplate: 330007aea0b46de1ed93e4cbddc7b4c3b59bdc25
  Kingfisher: 6e1a13523fcb1c86924ce53affe4ac957e544d59
  lottie-ios: 3a3758ef5a008e762faec9c9d50a39842f26d124
  SwiftyJSON: 6faa0040f8b59dead0ee07436cbf76b73c08fd08

PODFILE CHECKSUM: eab5340df8677f2fd45ee0844793c6c1e7369ca8

COCOAPODS: 1.10.0
