// !$*UTF8*$!
{
	archiveVersion = 1;
	classes = {
	};
	objectVersion = 51;
	objects = {

/* Begin PBXBuildFile section */
		1E8D9BA661F9C0A67416829D /* Pods_Sopt_27th_HACKATHON_6th.framework in Frameworks */ = {isa = PBXBuildFile; fileRef = ED4F2B165C97A5EC1421C093 /* Pods_Sopt_27th_HACKATHON_6th.framework */; };
		6B6146FF258DA1F600CD8E65 /* CardViewController.swift in Sources */ = {isa = PBXBuildFile; fileRef = 6B6146FE258DA1F600CD8E65 /* CardViewController.swift */; };
		6B614702258DCA8400CD8E65 /* Card.storyboard in Resources */ = {isa = PBXBuildFile; fileRef = 6B614701258DCA8400CD8E65 /* Card.storyboard */; };
		6B614705258DD6C900CD8E65 /* HomeList.storyboard in Resources */ = {isa = PBXBuildFile; fileRef = 6B614704258DD6C900CD8E65 /* HomeList.storyboard */; };
		6B614708258DD6DA00CD8E65 /* HomeListViewController.swift in Sources */ = {isa = PBXBuildFile; fileRef = 6B614707258DD6DA00CD8E65 /* HomeListViewController.swift */; };
		6B61470D258DEE5A00CD8E65 /* HomeListTableViewCell.swift in Sources */ = {isa = PBXBuildFile; fileRef = 6B61470B258DEE5A00CD8E65 /* HomeListTableViewCell.swift */; };
		6B61470E258DEE5A00CD8E65 /* HomeListTableViewCell.xib in Resources */ = {isa = PBXBuildFile; fileRef = 6B61470C258DEE5A00CD8E65 /* HomeListTableViewCell.xib */; };
		6B8C68E8259482900077CC2C /* CardTestViewController.swift in Sources */ = {isa = PBXBuildFile; fileRef = 6B8C68E7259482900077CC2C /* CardTestViewController.swift */; };
		6B9DBA7C25697C8B00987D3C /* MyCollectionCell.swift in Sources */ = {isa = PBXBuildFile; fileRef = 6B9DBA7B25697C8B00987D3C /* MyCollectionCell.swift */; };
		6B9DBA842569B95A00987D3C /* levelDataModel.swift in Sources */ = {isa = PBXBuildFile; fileRef = 6B9DBA832569B95A00987D3C /* levelDataModel.swift */; };
		6B9DBA882569B9F200987D3C /* getLevelService.swift in Sources */ = {isa = PBXBuildFile; fileRef = 6B9DBA872569B9F200987D3C /* getLevelService.swift */; };
		6BB3B5C12590D00300FF0A12 /* KeychainItem.swift in Sources */ = {isa = PBXBuildFile; fileRef = 6BB3B5C02590D00300FF0A12 /* KeychainItem.swift */; };
		6BB3B5C42590D35000FF0A12 /* SetUpViewController.swift in Sources */ = {isa = PBXBuildFile; fileRef = 6BB3B5C32590D35000FF0A12 /* SetUpViewController.swift */; };
		6BE1512B259769E100BBD3F1 /* ListModel.swift in Sources */ = {isa = PBXBuildFile; fileRef = 6BE1512A259769E100BBD3F1 /* ListModel.swift */; };
		6BE1512E25983DC800BBD3F1 /* getListService.swift in Sources */ = {isa = PBXBuildFile; fileRef = 6BE1512D25983DC800BBD3F1 /* getListService.swift */; };
		D16B30BD2569428200C8207E /* RankingTableViewCell.swift in Sources */ = {isa = PBXBuildFile; fileRef = D16B30BB2569428200C8207E /* RankingTableViewCell.swift */; };
		D16B30BE2569428200C8207E /* RankingTableViewCell.xib in Resources */ = {isa = PBXBuildFile; fileRef = D16B30BC2569428200C8207E /* RankingTableViewCell.xib */; };
		D16B30DD2569744A00C8207E /* GradeDataModel.swift in Sources */ = {isa = PBXBuildFile; fileRef = D16B30DC2569744A00C8207E /* GradeDataModel.swift */; };
		D16B30E02569769600C8207E /* RankingDummyData.swift in Sources */ = {isa = PBXBuildFile; fileRef = D16B30DF2569769600C8207E /* RankingDummyData.swift */; };
		D16B30E325699A2800C8207E /* calculateLevel.swift in Sources */ = {isa = PBXBuildFile; fileRef = D16B30E225699A2800C8207E /* calculateLevel.swift */; };
		D1CBAB18258FAA740018E524 /* MyEditViewController.swift in Sources */ = {isa = PBXBuildFile; fileRef = D1CBAB17258FAA740018E524 /* MyEditViewController.swift */; };
		FD3C3651258BDDF700D1664B /* LoginViewController.swift in Sources */ = {isa = PBXBuildFile; fileRef = FD3C3650258BDDF700D1664B /* LoginViewController.swift */; };
		FD3C3659258BDFCF00D1664B /* MyProfileViewController.swift in Sources */ = {isa = PBXBuildFile; fileRef = FD3C3658258BDFCF00D1664B /* MyProfileViewController.swift */; };
		FDB4D0B7256937D300931E12 /* AppDelegate.swift in Sources */ = {isa = PBXBuildFile; fileRef = FDB4D0B6256937D300931E12 /* AppDelegate.swift */; };
		FDB4D0B9256937D300931E12 /* SceneDelegate.swift in Sources */ = {isa = PBXBuildFile; fileRef = FDB4D0B8256937D300931E12 /* SceneDelegate.swift */; };
		FDB4D0BB256937D300931E12 /* ViewController.swift in Sources */ = {isa = PBXBuildFile; fileRef = FDB4D0BA256937D300931E12 /* ViewController.swift */; };
		FDB4D0BE256937D300931E12 /* Main.storyboard in Resources */ = {isa = PBXBuildFile; fileRef = FDB4D0BC256937D300931E12 /* Main.storyboard */; };
		FDB4D0C0256937D500931E12 /* Assets.xcassets in Resources */ = {isa = PBXBuildFile; fileRef = FDB4D0BF256937D500931E12 /* Assets.xcassets */; };
		FDB4D0C3256937D500931E12 /* LaunchScreen.storyboard in Resources */ = {isa = PBXBuildFile; fileRef = FDB4D0C1256937D500931E12 /* LaunchScreen.storyboard */; };
		FDB4D0DA2569393C00931E12 /* Ranking.storyboard in Resources */ = {isa = PBXBuildFile; fileRef = FDB4D0D92569393C00931E12 /* Ranking.storyboard */; };
		FDB4D0DD2569394100931E12 /* My.storyboard in Resources */ = {isa = PBXBuildFile; fileRef = FDB4D0DC2569394100931E12 /* My.storyboard */; };
		FDB4D0E02569394C00931E12 /* Home.storyboard in Resources */ = {isa = PBXBuildFile; fileRef = FDB4D0DF2569394B00931E12 /* Home.storyboard */; };
		FDB4D0E32569395D00931E12 /* APIConstants.swift in Sources */ = {isa = PBXBuildFile; fileRef = FDB4D0E22569395D00931E12 /* APIConstants.swift */; };
		FDB4D0E6256939A400931E12 /* TabBarViewController.swift in Sources */ = {isa = PBXBuildFile; fileRef = FDB4D0E5256939A400931E12 /* TabBarViewController.swift */; };
		FDB4D0E9256939AD00931E12 /* HomeViewController.swift in Sources */ = {isa = PBXBuildFile; fileRef = FDB4D0E8256939AD00931E12 /* HomeViewController.swift */; };
		FDB4D0EC256939B200931E12 /* RankingViewController.swift in Sources */ = {isa = PBXBuildFile; fileRef = FDB4D0EB256939B200931E12 /* RankingViewController.swift */; };
		FDB4D0EF256939B800931E12 /* MyViewController.swift in Sources */ = {isa = PBXBuildFile; fileRef = FDB4D0EE256939B800931E12 /* MyViewController.swift */; };
		FDB4D0F925693BBD00931E12 /* calculateTime.swift in Sources */ = {isa = PBXBuildFile; fileRef = FDB4D0F825693BBD00931E12 /* calculateTime.swift */; };
		FDB4D0FE256945A100931E12 /* StampPageCell.swift in Sources */ = {isa = PBXBuildFile; fileRef = FDB4D0FD256945A100931E12 /* StampPageCell.swift */; };
		FDB4D102256945B100931E12 /* StampCell.swift in Sources */ = {isa = PBXBuildFile; fileRef = FDB4D101256945B100931E12 /* StampCell.swift */; };
		FDB4D105256951F700931E12 /* AddPhotoViewController.swift in Sources */ = {isa = PBXBuildFile; fileRef = FDB4D104256951F700931E12 /* AddPhotoViewController.swift */; };
		FDB4D11325695B8300931E12 /* AddStampService.swift in Sources */ = {isa = PBXBuildFile; fileRef = FDB4D11225695B8300931E12 /* AddStampService.swift */; };
		FDB4D11725695F1C00931E12 /* NetworkResult.swift in Sources */ = {isa = PBXBuildFile; fileRef = FDB4D11625695F1C00931E12 /* NetworkResult.swift */; };
		FDB4D11B2569929100931E12 /* makeAlert + UIView.swift in Sources */ = {isa = PBXBuildFile; fileRef = FDB4D11A2569929100931E12 /* makeAlert + UIView.swift */; };
		FDB4D11E2569930F00931E12 /* getStampCountService.swift in Sources */ = {isa = PBXBuildFile; fileRef = FDB4D11D2569930F00931E12 /* getStampCountService.swift */; };
		FDB4D121256996AA00931E12 /* stampCountDataModel.swift in Sources */ = {isa = PBXBuildFile; fileRef = FDB4D120256996AA00931E12 /* stampCountDataModel.swift */; };
/* End PBXBuildFile section */

/* Begin PBXFileReference section */
		6B6146FE258DA1F600CD8E65 /* CardViewController.swift */ = {isa = PBXFileReference; lastKnownFileType = sourcecode.swift; path = CardViewController.swift; sourceTree = "<group>"; };
		6B614701258DCA8400CD8E65 /* Card.storyboard */ = {isa = PBXFileReference; lastKnownFileType = file.storyboard; path = Card.storyboard; sourceTree = "<group>"; };
		6B614704258DD6C900CD8E65 /* HomeList.storyboard */ = {isa = PBXFileReference; lastKnownFileType = file.storyboard; path = HomeList.storyboard; sourceTree = "<group>"; };
		6B614707258DD6DA00CD8E65 /* HomeListViewController.swift */ = {isa = PBXFileReference; lastKnownFileType = sourcecode.swift; path = HomeListViewController.swift; sourceTree = "<group>"; };
		6B61470B258DEE5A00CD8E65 /* HomeListTableViewCell.swift */ = {isa = PBXFileReference; lastKnownFileType = sourcecode.swift; path = HomeListTableViewCell.swift; sourceTree = "<group>"; };
		6B61470C258DEE5A00CD8E65 /* HomeListTableViewCell.xib */ = {isa = PBXFileReference; lastKnownFileType = file.xib; path = HomeListTableViewCell.xib; sourceTree = "<group>"; };
		6B8C68E7259482900077CC2C /* CardTestViewController.swift */ = {isa = PBXFileReference; lastKnownFileType = sourcecode.swift; path = CardTestViewController.swift; sourceTree = "<group>"; };
		6B9DBA7B25697C8B00987D3C /* MyCollectionCell.swift */ = {isa = PBXFileReference; lastKnownFileType = sourcecode.swift; path = MyCollectionCell.swift; sourceTree = "<group>"; };
		6B9DBA832569B95A00987D3C /* levelDataModel.swift */ = {isa = PBXFileReference; lastKnownFileType = sourcecode.swift; path = levelDataModel.swift; sourceTree = "<group>"; };
		6B9DBA872569B9F200987D3C /* getLevelService.swift */ = {isa = PBXFileReference; lastKnownFileType = sourcecode.swift; path = getLevelService.swift; sourceTree = "<group>"; };
		6BB3B5B42590B3A200FF0A12 /* Sopt-27th-HACKATHON-6th.entitlements */ = {isa = PBXFileReference; lastKnownFileType = text.plist.entitlements; path = "Sopt-27th-HACKATHON-6th.entitlements"; sourceTree = "<group>"; };
		6BB3B5C02590D00300FF0A12 /* KeychainItem.swift */ = {isa = PBXFileReference; lastKnownFileType = sourcecode.swift; path = KeychainItem.swift; sourceTree = "<group>"; };
		6BB3B5C32590D35000FF0A12 /* SetUpViewController.swift */ = {isa = PBXFileReference; lastKnownFileType = sourcecode.swift; path = SetUpViewController.swift; sourceTree = "<group>"; };
		6BE1512A259769E100BBD3F1 /* ListModel.swift */ = {isa = PBXFileReference; lastKnownFileType = sourcecode.swift; path = ListModel.swift; sourceTree = "<group>"; };
		6BE1512D25983DC800BBD3F1 /* getListService.swift */ = {isa = PBXFileReference; lastKnownFileType = sourcecode.swift; path = getListService.swift; sourceTree = "<group>"; };
		B6C519C92400A3519835CA3F /* Pods-Sopt-27th-HACKATHON-6th.release.xcconfig */ = {isa = PBXFileReference; includeInIndex = 1; lastKnownFileType = text.xcconfig; name = "Pods-Sopt-27th-HACKATHON-6th.release.xcconfig"; path = "Target Support Files/Pods-Sopt-27th-HACKATHON-6th/Pods-Sopt-27th-HACKATHON-6th.release.xcconfig"; sourceTree = "<group>"; };
		D16B30BB2569428200C8207E /* RankingTableViewCell.swift */ = {isa = PBXFileReference; lastKnownFileType = sourcecode.swift; path = RankingTableViewCell.swift; sourceTree = "<group>"; };
		D16B30BC2569428200C8207E /* RankingTableViewCell.xib */ = {isa = PBXFileReference; lastKnownFileType = file.xib; path = RankingTableViewCell.xib; sourceTree = "<group>"; };
		D16B30DC2569744A00C8207E /* GradeDataModel.swift */ = {isa = PBXFileReference; lastKnownFileType = sourcecode.swift; path = GradeDataModel.swift; sourceTree = "<group>"; };
		D16B30DF2569769600C8207E /* RankingDummyData.swift */ = {isa = PBXFileReference; lastKnownFileType = sourcecode.swift; path = RankingDummyData.swift; sourceTree = "<group>"; };
		D16B30E225699A2800C8207E /* calculateLevel.swift */ = {isa = PBXFileReference; lastKnownFileType = sourcecode.swift; path = calculateLevel.swift; sourceTree = "<group>"; };
		D1CBAB17258FAA740018E524 /* MyEditViewController.swift */ = {isa = PBXFileReference; fileEncoding = 4; lastKnownFileType = sourcecode.swift; path = MyEditViewController.swift; sourceTree = "<group>"; };
		ED4F2B165C97A5EC1421C093 /* Pods_Sopt_27th_HACKATHON_6th.framework */ = {isa = PBXFileReference; explicitFileType = wrapper.framework; includeInIndex = 0; path = Pods_Sopt_27th_HACKATHON_6th.framework; sourceTree = BUILT_PRODUCTS_DIR; };
		F40F46BB6E61ECABF9FFE5EE /* Pods-Sopt-27th-HACKATHON-6th.debug.xcconfig */ = {isa = PBXFileReference; includeInIndex = 1; lastKnownFileType = text.xcconfig; name = "Pods-Sopt-27th-HACKATHON-6th.debug.xcconfig"; path = "Target Support Files/Pods-Sopt-27th-HACKATHON-6th/Pods-Sopt-27th-HACKATHON-6th.debug.xcconfig"; sourceTree = "<group>"; };
		FD3C3650258BDDF700D1664B /* LoginViewController.swift */ = {isa = PBXFileReference; lastKnownFileType = sourcecode.swift; path = LoginViewController.swift; sourceTree = "<group>"; };
		FD3C3658258BDFCF00D1664B /* MyProfileViewController.swift */ = {isa = PBXFileReference; lastKnownFileType = sourcecode.swift; path = MyProfileViewController.swift; sourceTree = "<group>"; };
		FDB4D0B3256937D300931E12 /* Sopt-27th-HACKATHON-6th.app */ = {isa = PBXFileReference; explicitFileType = wrapper.application; includeInIndex = 0; path = "Sopt-27th-HACKATHON-6th.app"; sourceTree = BUILT_PRODUCTS_DIR; };
		FDB4D0B6256937D300931E12 /* AppDelegate.swift */ = {isa = PBXFileReference; lastKnownFileType = sourcecode.swift; path = AppDelegate.swift; sourceTree = "<group>"; };
		FDB4D0B8256937D300931E12 /* SceneDelegate.swift */ = {isa = PBXFileReference; lastKnownFileType = sourcecode.swift; path = SceneDelegate.swift; sourceTree = "<group>"; };
		FDB4D0BA256937D300931E12 /* ViewController.swift */ = {isa = PBXFileReference; lastKnownFileType = sourcecode.swift; path = ViewController.swift; sourceTree = "<group>"; };
		FDB4D0BD256937D300931E12 /* Base */ = {isa = PBXFileReference; lastKnownFileType = file.storyboard; name = Base; path = Base.lproj/Main.storyboard; sourceTree = "<group>"; };
		FDB4D0BF256937D500931E12 /* Assets.xcassets */ = {isa = PBXFileReference; lastKnownFileType = folder.assetcatalog; path = Assets.xcassets; sourceTree = "<group>"; };
		FDB4D0C2256937D500931E12 /* Base */ = {isa = PBXFileReference; lastKnownFileType = file.storyboard; name = Base; path = Base.lproj/LaunchScreen.storyboard; sourceTree = "<group>"; };
		FDB4D0C4256937D500931E12 /* Info.plist */ = {isa = PBXFileReference; lastKnownFileType = text.plist.xml; path = Info.plist; sourceTree = "<group>"; };
		FDB4D0D92569393C00931E12 /* Ranking.storyboard */ = {isa = PBXFileReference; fileEncoding = 4; lastKnownFileType = file.storyboard; path = Ranking.storyboard; sourceTree = "<group>"; };
		FDB4D0DC2569394100931E12 /* My.storyboard */ = {isa = PBXFileReference; fileEncoding = 4; lastKnownFileType = file.storyboard; path = My.storyboard; sourceTree = "<group>"; };
		FDB4D0DF2569394B00931E12 /* Home.storyboard */ = {isa = PBXFileReference; fileEncoding = 4; lastKnownFileType = file.storyboard; path = Home.storyboard; sourceTree = "<group>"; };
		FDB4D0E22569395D00931E12 /* APIConstants.swift */ = {isa = PBXFileReference; fileEncoding = 4; lastKnownFileType = sourcecode.swift; path = APIConstants.swift; sourceTree = "<group>"; };
		FDB4D0E5256939A400931E12 /* TabBarViewController.swift */ = {isa = PBXFileReference; fileEncoding = 4; lastKnownFileType = sourcecode.swift; path = TabBarViewController.swift; sourceTree = "<group>"; };
		FDB4D0E8256939AD00931E12 /* HomeViewController.swift */ = {isa = PBXFileReference; fileEncoding = 4; lastKnownFileType = sourcecode.swift; path = HomeViewController.swift; sourceTree = "<group>"; };
		FDB4D0EB256939B200931E12 /* RankingViewController.swift */ = {isa = PBXFileReference; fileEncoding = 4; lastKnownFileType = sourcecode.swift; path = RankingViewController.swift; sourceTree = "<group>"; };
		FDB4D0EE256939B800931E12 /* MyViewController.swift */ = {isa = PBXFileReference; fileEncoding = 4; lastKnownFileType = sourcecode.swift; path = MyViewController.swift; sourceTree = "<group>"; };
		FDB4D0F825693BBD00931E12 /* calculateTime.swift */ = {isa = PBXFileReference; lastKnownFileType = sourcecode.swift; path = calculateTime.swift; sourceTree = "<group>"; };
		FDB4D0FD256945A100931E12 /* StampPageCell.swift */ = {isa = PBXFileReference; lastKnownFileType = sourcecode.swift; path = StampPageCell.swift; sourceTree = "<group>"; };
		FDB4D101256945B100931E12 /* StampCell.swift */ = {isa = PBXFileReference; lastKnownFileType = sourcecode.swift; path = StampCell.swift; sourceTree = "<group>"; };
		FDB4D104256951F700931E12 /* AddPhotoViewController.swift */ = {isa = PBXFileReference; lastKnownFileType = sourcecode.swift; path = AddPhotoViewController.swift; sourceTree = "<group>"; };
		FDB4D11225695B8300931E12 /* AddStampService.swift */ = {isa = PBXFileReference; lastKnownFileType = sourcecode.swift; path = AddStampService.swift; sourceTree = "<group>"; };
		FDB4D11625695F1C00931E12 /* NetworkResult.swift */ = {isa = PBXFileReference; lastKnownFileType = sourcecode.swift; path = NetworkResult.swift; sourceTree = "<group>"; };
		FDB4D11A2569929100931E12 /* makeAlert + UIView.swift */ = {isa = PBXFileReference; lastKnownFileType = sourcecode.swift; path = "makeAlert + UIView.swift"; sourceTree = "<group>"; };
		FDB4D11D2569930F00931E12 /* getStampCountService.swift */ = {isa = PBXFileReference; lastKnownFileType = sourcecode.swift; path = getStampCountService.swift; sourceTree = "<group>"; };
		FDB4D120256996AA00931E12 /* stampCountDataModel.swift */ = {isa = PBXFileReference; lastKnownFileType = sourcecode.swift; path = stampCountDataModel.swift; sourceTree = "<group>"; };
/* End PBXFileReference section */

/* Begin PBXFrameworksBuildPhase section */
		FDB4D0B0256937D300931E12 /* Frameworks */ = {
			isa = PBXFrameworksBuildPhase;
			buildActionMask = 2147483647;
			files = (
				1E8D9BA661F9C0A67416829D /* Pods_Sopt_27th_HACKATHON_6th.framework in Frameworks */,
			);
			runOnlyForDeploymentPostprocessing = 0;
		};
/* End PBXFrameworksBuildPhase section */

/* Begin PBXGroup section */
		3410BCF9195ED08D136CCD23 /* Pods */ = {
			isa = PBXGroup;
			children = (
				F40F46BB6E61ECABF9FFE5EE /* Pods-Sopt-27th-HACKATHON-6th.debug.xcconfig */,
				B6C519C92400A3519835CA3F /* Pods-Sopt-27th-HACKATHON-6th.release.xcconfig */,
			);
			path = Pods;
			sourceTree = "<group>";
		};
		6B8C68E6259482690077CC2C /* CardList */ = {
			isa = PBXGroup;
			children = (
				6B6146FE258DA1F600CD8E65 /* CardViewController.swift */,
				6B614707258DD6DA00CD8E65 /* HomeListViewController.swift */,
				6B8C68E7259482900077CC2C /* CardTestViewController.swift */,
			);
			path = CardList;
			sourceTree = "<group>";
		};
		A8062662D651DF3225267471 /* Frameworks */ = {
			isa = PBXGroup;
			children = (
				ED4F2B165C97A5EC1421C093 /* Pods_Sopt_27th_HACKATHON_6th.framework */,
			);
			name = Frameworks;
			sourceTree = "<group>";
		};
		D16B30D92569741900C8207E /* Model */ = {
			isa = PBXGroup;
			children = (
				D16B30DB2569743F00C8207E /* Grade */,
				6BE1512A259769E100BBD3F1 /* ListModel.swift */,
			);
			path = Model;
			sourceTree = "<group>";
		};
		D16B30DB2569743F00C8207E /* Grade */ = {
			isa = PBXGroup;
			children = (
				D16B30DC2569744A00C8207E /* GradeDataModel.swift */,
				D16B30DF2569769600C8207E /* RankingDummyData.swift */,
			);
			path = Grade;
			sourceTree = "<group>";
		};
		FD3C364F258BDDE100D1664B /* Login */ = {
			isa = PBXGroup;
			children = (
				FD3C3650258BDDF700D1664B /* LoginViewController.swift */,
				6BB3B5C02590D00300FF0A12 /* KeychainItem.swift */,
				6BB3B5C32590D35000FF0A12 /* SetUpViewController.swift */,
			);
			path = Login;
			sourceTree = "<group>";
		};
		FDB4D0AA256937D300931E12 = {
			isa = PBXGroup;
			children = (
				FDB4D0B5256937D300931E12 /* Sopt-27th-HACKATHON-6th */,
				FDB4D0B4256937D300931E12 /* Products */,
				3410BCF9195ED08D136CCD23 /* Pods */,
				A8062662D651DF3225267471 /* Frameworks */,
			);
			sourceTree = "<group>";
		};
		FDB4D0B4256937D300931E12 /* Products */ = {
			isa = PBXGroup;
			children = (
				FDB4D0B3256937D300931E12 /* Sopt-27th-HACKATHON-6th.app */,
			);
			name = Products;
			sourceTree = "<group>";
		};
		FDB4D0B5256937D300931E12 /* Sopt-27th-HACKATHON-6th */ = {
			isa = PBXGroup;
			children = (
				6BB3B5B42590B3A200FF0A12 /* Sopt-27th-HACKATHON-6th.entitlements */,
				FDB4D0CD256937FF00931E12 /* Extension */,
				FDB4D0CC256937E400931E12 /* Resource */,
				FDB4D0CB256937E200931E12 /* Source */,
				FDB4D0C4256937D500931E12 /* Info.plist */,
			);
			path = "Sopt-27th-HACKATHON-6th";
			sourceTree = "<group>";
		};
		FDB4D0CB256937E200931E12 /* Source */ = {
			isa = PBXGroup;
			children = (
				FDB4D0B6256937D300931E12 /* AppDelegate.swift */,
				FDB4D0B8256937D300931E12 /* SceneDelegate.swift */,
				FDB4D0CE2569380700931E12 /* Viewcontroller */,
			);
			path = Source;
			sourceTree = "<group>";
		};
		FDB4D0CC256937E400931E12 /* Resource */ = {
			isa = PBXGroup;
			children = (
				D16B30D92569741900C8207E /* Model */,
				FDB4D0BF256937D500931E12 /* Assets.xcassets */,
				FDB4D0D02569382900931E12 /* Storyboard */,
				FDB4D0CF2569382300931E12 /* Network */,
				FDB4D120256996AA00931E12 /* stampCountDataModel.swift */,
				6B9DBA832569B95A00987D3C /* levelDataModel.swift */,
			);
			path = Resource;
			sourceTree = "<group>";
		};
		FDB4D0CD256937FF00931E12 /* Extension */ = {
			isa = PBXGroup;
			children = (
				FDB4D0F825693BBD00931E12 /* calculateTime.swift */,
				D16B30E225699A2800C8207E /* calculateLevel.swift */,
				FDB4D11A2569929100931E12 /* makeAlert + UIView.swift */,
			);
			path = Extension;
			sourceTree = "<group>";
		};
		FDB4D0CE2569380700931E12 /* Viewcontroller */ = {
			isa = PBXGroup;
			children = (
				FD3C364F258BDDE100D1664B /* Login */,
				FDB4D0E5256939A400931E12 /* TabBarViewController.swift */,
				FDB4D0BA256937D300931E12 /* ViewController.swift */,
				FDB4D0D42569386400931E12 /* Home */,
				FDB4D0D32569386100931E12 /* Ranking */,
				FDB4D0D22569385E00931E12 /* My */,
			);
			path = Viewcontroller;
			sourceTree = "<group>";
		};
		FDB4D0CF2569382300931E12 /* Network */ = {
			isa = PBXGroup;
			children = (
				FDB4D11125695B6500931E12 /* Service */,
				FDB4D0E22569395D00931E12 /* APIConstants.swift */,
				FDB4D11625695F1C00931E12 /* NetworkResult.swift */,
			);
			path = Network;
			sourceTree = "<group>";
		};
		FDB4D0D02569382900931E12 /* Storyboard */ = {
			isa = PBXGroup;
			children = (
				FDB4D0C1256937D500931E12 /* LaunchScreen.storyboard */,
				FDB4D0D72569387900931E12 /* Ranking */,
				FDB4D0D62569387600931E12 /* My */,
				FDB4D0D52569387200931E12 /* Home */,
				FDB4D0BC256937D300931E12 /* Main.storyboard */,
			);
			path = Storyboard;
			sourceTree = "<group>";
		};
		FDB4D0D22569385E00931E12 /* My */ = {
			isa = PBXGroup;
			children = (
				FD3C3658258BDFCF00D1664B /* MyProfileViewController.swift */,
				D1CBAB17258FAA740018E524 /* MyEditViewController.swift */,
				FDB4D0EE256939B800931E12 /* MyViewController.swift */,
				6B9DBA7B25697C8B00987D3C /* MyCollectionCell.swift */,
			);
			path = My;
			sourceTree = "<group>";
		};
		FDB4D0D32569386100931E12 /* Ranking */ = {
			isa = PBXGroup;
			children = (
				FDB4D0EB256939B200931E12 /* RankingViewController.swift */,
			);
			path = Ranking;
			sourceTree = "<group>";
		};
		FDB4D0D42569386400931E12 /* Home */ = {
			isa = PBXGroup;
			children = (
				FDB4D0FC2569458900931E12 /* Cell */,
				FDB4D0E8256939AD00931E12 /* HomeViewController.swift */,
				FDB4D104256951F700931E12 /* AddPhotoViewController.swift */,
				6B8C68E6259482690077CC2C /* CardList */,
			);
			path = Home;
			sourceTree = "<group>";
		};
		FDB4D0D52569387200931E12 /* Home */ = {
			isa = PBXGroup;
			children = (
				FDB4D0DF2569394B00931E12 /* Home.storyboard */,
				6B614701258DCA8400CD8E65 /* Card.storyboard */,
				6B614704258DD6C900CD8E65 /* HomeList.storyboard */,
			);
			path = Home;
			sourceTree = "<group>";
		};
		FDB4D0D62569387600931E12 /* My */ = {
			isa = PBXGroup;
			children = (
				FDB4D0DC2569394100931E12 /* My.storyboard */,
			);
			path = My;
			sourceTree = "<group>";
		};
		FDB4D0D72569387900931E12 /* Ranking */ = {
			isa = PBXGroup;
			children = (
				FDB4D0D92569393C00931E12 /* Ranking.storyboard */,
				D16B30BB2569428200C8207E /* RankingTableViewCell.swift */,
				D16B30BC2569428200C8207E /* RankingTableViewCell.xib */,
			);
			path = Ranking;
			sourceTree = "<group>";
		};
		FDB4D0FC2569458900931E12 /* Cell */ = {
			isa = PBXGroup;
			children = (
				FDB4D0FD256945A100931E12 /* StampPageCell.swift */,
				FDB4D101256945B100931E12 /* StampCell.swift */,
				6B61470B258DEE5A00CD8E65 /* HomeListTableViewCell.swift */,
				6B61470C258DEE5A00CD8E65 /* HomeListTableViewCell.xib */,
			);
			path = Cell;
			sourceTree = "<group>";
		};
		FDB4D11125695B6500931E12 /* Service */ = {
			isa = PBXGroup;
			children = (
				FDB4D11225695B8300931E12 /* AddStampService.swift */,
				FDB4D11D2569930F00931E12 /* getStampCountService.swift */,
				6B9DBA872569B9F200987D3C /* getLevelService.swift */,
				6BE1512D25983DC800BBD3F1 /* getListService.swift */,
			);
			path = Service;
			sourceTree = "<group>";
		};
/* End PBXGroup section */

/* Begin PBXNativeTarget section */
		FDB4D0B2256937D300931E12 /* Sopt-27th-HACKATHON-6th */ = {
			isa = PBXNativeTarget;
			buildConfigurationList = FDB4D0C7256937D500931E12 /* Build configuration list for PBXNativeTarget "Sopt-27th-HACKATHON-6th" */;
			buildPhases = (
				763853E76CE5E8F2C056814C /* [CP] Check Pods Manifest.lock */,
				FDB4D0AF256937D300931E12 /* Sources */,
				FDB4D0B0256937D300931E12 /* Frameworks */,
				FDB4D0B1256937D300931E12 /* Resources */,
				1A9294C33E480CA6566C4EF5 /* [CP] Embed Pods Frameworks */,
			);
			buildRules = (
			);
			dependencies = (
			);
			name = "Sopt-27th-HACKATHON-6th";
			productName = "Sopt-27th-HACKATHON-6th";
			productReference = FDB4D0B3256937D300931E12 /* Sopt-27th-HACKATHON-6th.app */;
			productType = "com.apple.product-type.application";
		};
/* End PBXNativeTarget section */

/* Begin PBXProject section */
		FDB4D0AB256937D300931E12 /* Project object */ = {
			isa = PBXProject;
			attributes = {
				LastSwiftUpdateCheck = 1220;
				LastUpgradeCheck = 1220;
				TargetAttributes = {
					FDB4D0B2256937D300931E12 = {
						CreatedOnToolsVersion = 12.2;
					};
				};
			};
			buildConfigurationList = FDB4D0AE256937D300931E12 /* Build configuration list for PBXProject "Sopt-27th-HACKATHON-6th" */;
			compatibilityVersion = "Xcode 9.3";
			developmentRegion = en;
			hasScannedForEncodings = 0;
			knownRegions = (
				en,
				Base,
			);
			mainGroup = FDB4D0AA256937D300931E12;
			productRefGroup = FDB4D0B4256937D300931E12 /* Products */;
			projectDirPath = "";
			projectRoot = "";
			targets = (
				FDB4D0B2256937D300931E12 /* Sopt-27th-HACKATHON-6th */,
			);
		};
/* End PBXProject section */

/* Begin PBXResourcesBuildPhase section */
		FDB4D0B1256937D300931E12 /* Resources */ = {
			isa = PBXResourcesBuildPhase;
			buildActionMask = 2147483647;
			files = (
				6B614702258DCA8400CD8E65 /* Card.storyboard in Resources */,
				FDB4D0C3256937D500931E12 /* LaunchScreen.storyboard in Resources */,
				FDB4D0C0256937D500931E12 /* Assets.xcassets in Resources */,
				FDB4D0BE256937D300931E12 /* Main.storyboard in Resources */,
				FDB4D0E02569394C00931E12 /* Home.storyboard in Resources */,
				6B614705258DD6C900CD8E65 /* HomeList.storyboard in Resources */,
				6B61470E258DEE5A00CD8E65 /* HomeListTableViewCell.xib in Resources */,
				D16B30BE2569428200C8207E /* RankingTableViewCell.xib in Resources */,
				FDB4D0DD2569394100931E12 /* My.storyboard in Resources */,
				FDB4D0DA2569393C00931E12 /* Ranking.storyboard in Resources */,
			);
			runOnlyForDeploymentPostprocessing = 0;
		};
/* End PBXResourcesBuildPhase section */

/* Begin PBXShellScriptBuildPhase section */
		1A9294C33E480CA6566C4EF5 /* [CP] Embed Pods Frameworks */ = {
			isa = PBXShellScriptBuildPhase;
			buildActionMask = 2147483647;
			files = (
			);
			inputFileListPaths = (
				"${PODS_ROOT}/Target Support Files/Pods-Sopt-27th-HACKATHON-6th/Pods-Sopt-27th-HACKATHON-6th-frameworks-${CONFIGURATION}-input-files.xcfilelist",
			);
			name = "[CP] Embed Pods Frameworks";
			outputFileListPaths = (
				"${PODS_ROOT}/Target Support Files/Pods-Sopt-27th-HACKATHON-6th/Pods-Sopt-27th-HACKATHON-6th-frameworks-${CONFIGURATION}-output-files.xcfilelist",
			);
			runOnlyForDeploymentPostprocessing = 0;
			shellPath = /bin/sh;
			shellScript = "\"${PODS_ROOT}/Target Support Files/Pods-Sopt-27th-HACKATHON-6th/Pods-Sopt-27th-HACKATHON-6th-frameworks.sh\"\n";
			showEnvVarsInLog = 0;
		};
		763853E76CE5E8F2C056814C /* [CP] Check Pods Manifest.lock */ = {
			isa = PBXShellScriptBuildPhase;
			buildActionMask = 2147483647;
			files = (
			);
			inputFileListPaths = (
			);
			inputPaths = (
				"${PODS_PODFILE_DIR_PATH}/Podfile.lock",
				"${PODS_ROOT}/Manifest.lock",
			);
			name = "[CP] Check Pods Manifest.lock";
			outputFileListPaths = (
			);
			outputPaths = (
				"$(DERIVED_FILE_DIR)/Pods-Sopt-27th-HACKATHON-6th-checkManifestLockResult.txt",
			);
			runOnlyForDeploymentPostprocessing = 0;
			shellPath = /bin/sh;
			shellScript = "diff \"${PODS_PODFILE_DIR_PATH}/Podfile.lock\" \"${PODS_ROOT}/Manifest.lock\" > /dev/null\nif [ $? != 0 ] ; then\n    # print error to STDERR\n    echo \"error: The sandbox is not in sync with the Podfile.lock. Run 'pod install' or update your CocoaPods installation.\" >&2\n    exit 1\nfi\n# This output is used by Xcode 'outputs' to avoid re-running this script phase.\necho \"SUCCESS\" > \"${SCRIPT_OUTPUT_FILE_0}\"\n";
			showEnvVarsInLog = 0;
		};
/* End PBXShellScriptBuildPhase section */

/* Begin PBXSourcesBuildPhase section */
		FDB4D0AF256937D300931E12 /* Sources */ = {
			isa = PBXSourcesBuildPhase;
			buildActionMask = 2147483647;
			files = (
				6B61470D258DEE5A00CD8E65 /* HomeListTableViewCell.swift in Sources */,
				FD3C3659258BDFCF00D1664B /* MyProfileViewController.swift in Sources */,
				FDB4D102256945B100931E12 /* StampCell.swift in Sources */,
				FDB4D121256996AA00931E12 /* stampCountDataModel.swift in Sources */,
				6BB3B5C42590D35000FF0A12 /* SetUpViewController.swift in Sources */,
				D1CBAB18258FAA740018E524 /* MyEditViewController.swift in Sources */,
				6B9DBA842569B95A00987D3C /* levelDataModel.swift in Sources */,
				FDB4D105256951F700931E12 /* AddPhotoViewController.swift in Sources */,
				6B6146FF258DA1F600CD8E65 /* CardViewController.swift in Sources */,
				D16B30E02569769600C8207E /* RankingDummyData.swift in Sources */,
				FDB4D0E32569395D00931E12 /* APIConstants.swift in Sources */,
				6B9DBA7C25697C8B00987D3C /* MyCollectionCell.swift in Sources */,
				FDB4D0BB256937D300931E12 /* ViewController.swift in Sources */,
				6B9DBA882569B9F200987D3C /* getLevelService.swift in Sources */,
				D16B30BD2569428200C8207E /* RankingTableViewCell.swift in Sources */,
				FDB4D0B7256937D300931E12 /* AppDelegate.swift in Sources */,
				6BE1512E25983DC800BBD3F1 /* getListService.swift in Sources */,
				FDB4D0F925693BBD00931E12 /* calculateTime.swift in Sources */,
				FDB4D11325695B8300931E12 /* AddStampService.swift in Sources */,
				FD3C3651258BDDF700D1664B /* LoginViewController.swift in Sources */,
				6BB3B5C12590D00300FF0A12 /* KeychainItem.swift in Sources */,
				FDB4D0FE256945A100931E12 /* StampPageCell.swift in Sources */,
				FDB4D0EC256939B200931E12 /* RankingViewController.swift in Sources */,
				6B8C68E8259482900077CC2C /* CardTestViewController.swift in Sources */,
				D16B30E325699A2800C8207E /* calculateLevel.swift in Sources */,
				FDB4D0E6256939A400931E12 /* TabBarViewController.swift in Sources */,
				FDB4D0B9256937D300931E12 /* SceneDelegate.swift in Sources */,
				FDB4D0EF256939B800931E12 /* MyViewController.swift in Sources */,
				6BE1512B259769E100BBD3F1 /* ListModel.swift in Sources */,
				D16B30DD2569744A00C8207E /* GradeDataModel.swift in Sources */,
				6B614708258DD6DA00CD8E65 /* HomeListViewController.swift in Sources */,
				FDB4D11B2569929100931E12 /* makeAlert + UIView.swift in Sources */,
				FDB4D11E2569930F00931E12 /* getStampCountService.swift in Sources */,
				FDB4D0E9256939AD00931E12 /* HomeViewController.swift in Sources */,
				FDB4D11725695F1C00931E12 /* NetworkResult.swift in Sources */,
			);
			runOnlyForDeploymentPostprocessing = 0;
		};
/* End PBXSourcesBuildPhase section */

/* Begin PBXVariantGroup section */
		FDB4D0BC256937D300931E12 /* Main.storyboard */ = {
			isa = PBXVariantGroup;
			children = (
				FDB4D0BD256937D300931E12 /* Base */,
			);
			name = Main.storyboard;
			sourceTree = "<group>";
		};
		FDB4D0C1256937D500931E12 /* LaunchScreen.storyboard */ = {
			isa = PBXVariantGroup;
			children = (
				FDB4D0C2256937D500931E12 /* Base */,
			);
			name = LaunchScreen.storyboard;
			sourceTree = "<group>";
		};
/* End PBXVariantGroup section */

/* Begin XCBuildConfiguration section */
		FDB4D0C5256937D500931E12 /* Debug */ = {
			isa = XCBuildConfiguration;
			buildSettings = {
				ALWAYS_SEARCH_USER_PATHS = NO;
				CLANG_ANALYZER_NONNULL = YES;
				CLANG_ANALYZER_NUMBER_OBJECT_CONVERSION = YES_AGGRESSIVE;
				CLANG_CXX_LANGUAGE_STANDARD = "gnu++14";
				CLANG_CXX_LIBRARY = "libc++";
				CLANG_ENABLE_MODULES = YES;
				CLANG_ENABLE_OBJC_ARC = YES;
				CLANG_ENABLE_OBJC_WEAK = YES;
				CLANG_WARN_BLOCK_CAPTURE_AUTORELEASING = YES;
				CLANG_WARN_BOOL_CONVERSION = YES;
				CLANG_WARN_COMMA = YES;
				CLANG_WARN_CONSTANT_CONVERSION = YES;
				CLANG_WARN_DEPRECATED_OBJC_IMPLEMENTATIONS = YES;
				CLANG_WARN_DIRECT_OBJC_ISA_USAGE = YES_ERROR;
				CLANG_WARN_DOCUMENTATION_COMMENTS = YES;
				CLANG_WARN_EMPTY_BODY = YES;
				CLANG_WARN_ENUM_CONVERSION = YES;
				CLANG_WARN_INFINITE_RECURSION = YES;
				CLANG_WARN_INT_CONVERSION = YES;
				CLANG_WARN_NON_LITERAL_NULL_CONVERSION = YES;
				CLANG_WARN_OBJC_IMPLICIT_RETAIN_SELF = YES;
				CLANG_WARN_OBJC_LITERAL_CONVERSION = YES;
				CLANG_WARN_OBJC_ROOT_CLASS = YES_ERROR;
				CLANG_WARN_QUOTED_INCLUDE_IN_FRAMEWORK_HEADER = YES;
				CLANG_WARN_RANGE_LOOP_ANALYSIS = YES;
				CLANG_WARN_STRICT_PROTOTYPES = YES;
				CLANG_WARN_SUSPICIOUS_MOVE = YES;
				CLANG_WARN_UNGUARDED_AVAILABILITY = YES_AGGRESSIVE;
				CLANG_WARN_UNREACHABLE_CODE = YES;
				CLANG_WARN__DUPLICATE_METHOD_MATCH = YES;
				COPY_PHASE_STRIP = NO;
				DEBUG_INFORMATION_FORMAT = dwarf;
				ENABLE_STRICT_OBJC_MSGSEND = YES;
				ENABLE_TESTABILITY = YES;
				GCC_C_LANGUAGE_STANDARD = gnu11;
				GCC_DYNAMIC_NO_PIC = NO;
				GCC_NO_COMMON_BLOCKS = YES;
				GCC_OPTIMIZATION_LEVEL = 0;
				GCC_PREPROCESSOR_DEFINITIONS = (
					"DEBUG=1",
					"$(inherited)",
				);
				GCC_WARN_64_TO_32_BIT_CONVERSION = YES;
				GCC_WARN_ABOUT_RETURN_TYPE = YES_ERROR;
				GCC_WARN_UNDECLARED_SELECTOR = YES;
				GCC_WARN_UNINITIALIZED_AUTOS = YES_AGGRESSIVE;
				GCC_WARN_UNUSED_FUNCTION = YES;
				GCC_WARN_UNUSED_VARIABLE = YES;
				IPHONEOS_DEPLOYMENT_TARGET = 14.0;
				MTL_ENABLE_DEBUG_INFO = INCLUDE_SOURCE;
				MTL_FAST_MATH = YES;
				ONLY_ACTIVE_ARCH = YES;
				SDKROOT = iphoneos;
				SWIFT_ACTIVE_COMPILATION_CONDITIONS = DEBUG;
				SWIFT_OPTIMIZATION_LEVEL = "-Onone";
			};
			name = Debug;
		};
		FDB4D0C6256937D500931E12 /* Release */ = {
			isa = XCBuildConfiguration;
			buildSettings = {
				ALWAYS_SEARCH_USER_PATHS = NO;
				CLANG_ANALYZER_NONNULL = YES;
				CLANG_ANALYZER_NUMBER_OBJECT_CONVERSION = YES_AGGRESSIVE;
				CLANG_CXX_LANGUAGE_STANDARD = "gnu++14";
				CLANG_CXX_LIBRARY = "libc++";
				CLANG_ENABLE_MODULES = YES;
				CLANG_ENABLE_OBJC_ARC = YES;
				CLANG_ENABLE_OBJC_WEAK = YES;
				CLANG_WARN_BLOCK_CAPTURE_AUTORELEASING = YES;
				CLANG_WARN_BOOL_CONVERSION = YES;
				CLANG_WARN_COMMA = YES;
				CLANG_WARN_CONSTANT_CONVERSION = YES;
				CLANG_WARN_DEPRECATED_OBJC_IMPLEMENTATIONS = YES;
				CLANG_WARN_DIRECT_OBJC_ISA_USAGE = YES_ERROR;
				CLANG_WARN_DOCUMENTATION_COMMENTS = YES;
				CLANG_WARN_EMPTY_BODY = YES;
				CLANG_WARN_ENUM_CONVERSION = YES;
				CLANG_WARN_INFINITE_RECURSION = YES;
				CLANG_WARN_INT_CONVERSION = YES;
				CLANG_WARN_NON_LITERAL_NULL_CONVERSION = YES;
				CLANG_WARN_OBJC_IMPLICIT_RETAIN_SELF = YES;
				CLANG_WARN_OBJC_LITERAL_CONVERSION = YES;
				CLANG_WARN_OBJC_ROOT_CLASS = YES_ERROR;
				CLANG_WARN_QUOTED_INCLUDE_IN_FRAMEWORK_HEADER = YES;
				CLANG_WARN_RANGE_LOOP_ANALYSIS = YES;
				CLANG_WARN_STRICT_PROTOTYPES = YES;
				CLANG_WARN_SUSPICIOUS_MOVE = YES;
				CLANG_WARN_UNGUARDED_AVAILABILITY = YES_AGGRESSIVE;
				CLANG_WARN_UNREACHABLE_CODE = YES;
				CLANG_WARN__DUPLICATE_METHOD_MATCH = YES;
				COPY_PHASE_STRIP = NO;
				DEBUG_INFORMATION_FORMAT = "dwarf-with-dsym";
				ENABLE_NS_ASSERTIONS = NO;
				ENABLE_STRICT_OBJC_MSGSEND = YES;
				GCC_C_LANGUAGE_STANDARD = gnu11;
				GCC_NO_COMMON_BLOCKS = YES;
				GCC_WARN_64_TO_32_BIT_CONVERSION = YES;
				GCC_WARN_ABOUT_RETURN_TYPE = YES_ERROR;
				GCC_WARN_UNDECLARED_SELECTOR = YES;
				GCC_WARN_UNINITIALIZED_AUTOS = YES_AGGRESSIVE;
				GCC_WARN_UNUSED_FUNCTION = YES;
				GCC_WARN_UNUSED_VARIABLE = YES;
				IPHONEOS_DEPLOYMENT_TARGET = 14.0;
				MTL_ENABLE_DEBUG_INFO = NO;
				MTL_FAST_MATH = YES;
				SDKROOT = iphoneos;
				SWIFT_COMPILATION_MODE = wholemodule;
				SWIFT_OPTIMIZATION_LEVEL = "-O";
				VALIDATE_PRODUCT = YES;
			};
			name = Release;
		};
		FDB4D0C8256937D500931E12 /* Debug */ = {
			isa = XCBuildConfiguration;
			baseConfigurationReference = F40F46BB6E61ECABF9FFE5EE /* Pods-Sopt-27th-HACKATHON-6th.debug.xcconfig */;
			buildSettings = {
				ASSETCATALOG_COMPILER_APPICON_NAME = AppIcon;
				ASSETCATALOG_COMPILER_GLOBAL_ACCENT_COLOR_NAME = AccentColor;
				CODE_SIGN_ENTITLEMENTS = "Sopt-27th-HACKATHON-6th/Sopt-27th-HACKATHON-6th.entitlements";
				CODE_SIGN_STYLE = Automatic;
				DEVELOPMENT_TEAM = L9D5M5DM3Y;
				INFOPLIST_FILE = "Sopt-27th-HACKATHON-6th/Info.plist";
				LD_RUNPATH_SEARCH_PATHS = (
					"$(inherited)",
					"@executable_path/Frameworks",
				);
				PRODUCT_BUNDLE_IDENTIFIER = sopt.gukbabmara.releases;
				PRODUCT_NAME = "$(TARGET_NAME)";
				SWIFT_VERSION = 5.0;
				TARGETED_DEVICE_FAMILY = "1,2";
			};
			name = Debug;
		};
		FDB4D0C9256937D500931E12 /* Release */ = {
			isa = XCBuildConfiguration;
			baseConfigurationReference = B6C519C92400A3519835CA3F /* Pods-Sopt-27th-HACKATHON-6th.release.xcconfig */;
			buildSettings = {
				ASSETCATALOG_COMPILER_APPICON_NAME = AppIcon;
				ASSETCATALOG_COMPILER_GLOBAL_ACCENT_COLOR_NAME = AccentColor;
				CODE_SIGN_ENTITLEMENTS = "Sopt-27th-HACKATHON-6th/Sopt-27th-HACKATHON-6th.entitlements";
				CODE_SIGN_STYLE = Automatic;
				DEVELOPMENT_TEAM = L9D5M5DM3Y;
				INFOPLIST_FILE = "Sopt-27th-HACKATHON-6th/Info.plist";
				LD_RUNPATH_SEARCH_PATHS = (
					"$(inherited)",
					"@executable_path/Frameworks",
				);
				PRODUCT_BUNDLE_IDENTIFIER = sopt.gukbabmara.releases;
				PRODUCT_NAME = "$(TARGET_NAME)";
				SWIFT_VERSION = 5.0;
				TARGETED_DEVICE_FAMILY = "1,2";
			};
			name = Release;
		};
/* End XCBuildConfiguration section */

/* Begin XCConfigurationList section */
		FDB4D0AE256937D300931E12 /* Build configuration list for PBXProject "Sopt-27th-HACKATHON-6th" */ = {
			isa = XCConfigurationList;
			buildConfigurations = (
				FDB4D0C5256937D500931E12 /* Debug */,
				FDB4D0C6256937D500931E12 /* Release */,
			);
			defaultConfigurationIsVisible = 0;
			defaultConfigurationName = Release;
		};
		FDB4D0C7256937D500931E12 /* Build configuration list for PBXNativeTarget "Sopt-27th-HACKATHON-6th" */ = {
			isa = XCConfigurationList;
			buildConfigurations = (
				FDB4D0C8256937D500931E12 /* Debug */,
				FDB4D0C9256937D500931E12 /* Release */,
			);
			defaultConfigurationIsVisible = 0;
			defaultConfigurationName = Release;
		};
/* End XCConfigurationList section */
	};
	rootObject = FDB4D0AB256937D300931E12 /* Project object */;
}
